
Microsoft Visual Studio Solution File, Format Version 11.00
# Visual Studio 2010
Project("{FAE04EC0-301F-11D3-BF4B-00C04F79EFBC}") = "Assembly-CSharp", "Assembly-CSharp.csproj", "{aa33d18b-fc96-e103-c1ac-fd63c8d749ab}"
EndProject
Project("{FAE04EC0-301F-11D3-BF4B-00C04F79EFBC}") = "PlayFabEditorExtensions", "PlayFabEditorExtensions.csproj", "{0a874d17-117c-d03d-72e7-8e181d039f7b}"
EndProject
Project("{FAE04EC0-301F-11D3-BF4B-00C04F79EFBC}") = "PlayFab", "PlayFab.csproj", "{feebd7e8-ed0d-3333-888a-7f11b4cdbd10}"
EndProject
Project("{FAE04EC0-301F-11D3-BF4B-00C04F79EFBC}") = "Assembly-CSharp-Editor", "Assembly-CSharp-Editor.csproj", "{5e9da1c7-d208-3643-a706-1725d855d9b5}"
EndProject
Project("{FAE04EC0-301F-11D3-BF4B-00C04F79EFBC}") = "PlayFabSDKEditor", "PlayFabSDKEditor.csproj", "{ae504c5c-9445-4aa9-5408-30e2536b341b}"
EndProject
Global
	GlobalSection(SolutionConfigurationPlatforms) = preSolution
		Debug|Any CPU = Debug|Any CPU
	EndGlobalSection
	GlobalSection(ProjectConfigurationPlatforms) = postSolution
		{aa33d18b-fc96-e103-c1ac-fd63c8d749ab}.Debug|Any CPU.ActiveCfg = Debug|Any CPU
		{aa33d18b-fc96-e103-c1ac-fd63c8d749ab}.Debug|Any CPU.Build.0 = Debug|Any CPU
		{0a874d17-117c-d03d-72e7-8e181d039f7b}.Debug|Any CPU.ActiveCfg = Debug|Any CPU
		{0a874d17-117c-d03d-72e7-8e181d039f7b}.Debug|Any CPU.Build.0 = Debug|Any CPU
		{feebd7e8-ed0d-3333-888a-7f11b4cdbd10}.Debug|Any CPU.ActiveCfg = Debug|Any CPU
		{feebd7e8-ed0d-3333-888a-7f11b4cdbd10}.Debug|Any CPU.Build.0 = Debug|Any CPU
		{5e9da1c7-d208-3643-a706-1725d855d9b5}.Debug|Any CPU.ActiveCfg = Debug|Any CPU
		{5e9da1c7-d208-3643-a706-1725d855d9b5}.Debug|Any CPU.Build.0 = Debug|Any CPU
		{ae504c5c-9445-4aa9-5408-30e2536b341b}.Debug|Any CPU.ActiveCfg = Debug|Any CPU
		{ae504c5c-9445-4aa9-5408-30e2536b341b}.Debug|Any CPU.Build.0 = Debug|Any CPU
	EndGlobalSection
	GlobalSection(SolutionProperties) = preSolution
		HideSolutionNode = FALSE
	EndGlobalSection
EndGlobal
